
Microsoft Visual Studio Solution File, Format Version 12.00
# Visual Studio Version 17
VisualStudioVersion = 17.5.33530.505
MinimumVisualStudioVersion = 10.0.40219.1
Project("{FAE04EC0-301F-11D3-BF4B-00C04F79EFBC}") = "Dzien 6", "Dzien 6\Dzien 6.csproj", "{5ADE5AAF-E56D-4312-A7B9-DA0F76273C41}"
EndProject
Global
	GlobalSection(SolutionConfigurationPlatforms) = preSolution
		Debug|Any CPU = Debug|Any CPU
		Release|Any CPU = Release|Any CPU
	EndGlobalSection
	GlobalSection(ProjectConfigurationPlatforms) = postSolution
		{5ADE5AAF-E56D-4312-A7B9-DA0F76273C41}.Debug|Any CPU.ActiveCfg = Debug|Any CPU
		{5ADE5AAF-E56D-4312-A7B9-DA0F76273C41}.Debug|Any CPU.Build.0 = Debug|Any CPU
		{5ADE5AAF-E56D-4312-A7B9-DA0F76273C41}.Release|Any CPU.ActiveCfg = Release|Any CPU
		{5ADE5AAF-E56D-4312-A7B9-DA0F76273C41}.Release|Any CPU.Build.0 = Release|Any CPU
	EndGlobalSection
	GlobalSection(SolutionProperties) = preSolution
		HideSolutionNode = FALSE
	EndGlobalSection
	GlobalSection(ExtensibilityGlobals) = postSolution
		SolutionGuid = {392818A9-CDA1-4371-9CB9-9480036B3675}
	EndGlobalSection
EndGlobal
